
Microsoft Visual Studio Solution File, Format Version 12.00
# Visual Studio Version 17
VisualStudioVersion = 17.2.32630.192
MinimumVisualStudioVersion = 10.0.40219.1
Project("{2150E333-8FDC-42A3-9474-1A3956D46DE8}") = "Services", "Services", "{2361A98C-8821-4149-847C-4088C30AB729}"
EndProject
Project("{2150E333-8FDC-42A3-9474-1A3956D46DE8}") = "Catalog", "Catalog", "{0B006ADC-BD46-457D-90BC-E1E0277F7EE0}"
EndProject
Project("{E53339B2-1760-4266-BCC7-CA923CBCF16C}") = "docker-compose", "docker-compose.dcproj", "{63FAF8A2-9DB8-4F0C-82F1-A40A19D0C96D}"
EndProject
Project("{2150E333-8FDC-42A3-9474-1A3956D46DE8}") = "Ordering", "Ordering", "{FFF843C3-DA60-4CF2-9D44-DE766140E01F}"
EndProject
Project("{9A19103F-16F7-4668-BE54-9A1E7A4F7556}") = "Ordering.Api", "Services\Ordering\Ordering.Api\Ordering.Api.csproj", "{3C9399B3-5614-4166-8894-369B9EFDFDA6}"
EndProject
Project("{9A19103F-16F7-4668-BE54-9A1E7A4F7556}") = "Ordering.Application", "Services\Ordering\Ordering.Application\Ordering.Application.csproj", "{659B34DC-8D6F-4808-8154-5E8C37418BF6}"
EndProject
Project("{9A19103F-16F7-4668-BE54-9A1E7A4F7556}") = "Ordering.Domain", "Services\Ordering\Ordering.Domain\Ordering.Domain.csproj", "{7BFA051C-44D7-42BF-A7B1-B92D64238AE6}"
EndProject
Project("{9A19103F-16F7-4668-BE54-9A1E7A4F7556}") = "Ordering.Infrastructure", "Services\Ordering\Ordering.Infrastructure\Ordering.Infrastructure.csproj", "{A22B4D6C-F03E-4004-98BD-5DE266B20F7D}"
EndProject
Project("{9A19103F-16F7-4668-BE54-9A1E7A4F7556}") = "Catalog.Api", "Services\Catalog\Catalog.Api\Catalog.Api.csproj", "{FE8A0175-27CB-4C5B-8D0D-CDBE4D44D552}"
EndProject
Project("{2150E333-8FDC-42A3-9474-1A3956D46DE8}") = "Existance", "Existance", "{851920D3-E230-48B8-85DA-AB898901E667}"
EndProject
Project("{FAE04EC0-301F-11D3-BF4B-00C04F79EFBC}") = "Existance.Grpc", "Services\Existance\Existance.Grpc\Existance.Grpc.csproj", "{A99A8E49-F8C9-4FBA-8743-AADF0A22DA96}"
EndProject
Project("{2150E333-8FDC-42A3-9474-1A3956D46DE8}") = "Basket", "Basket", "{7F38D215-D014-48CA-BAD3-FADAFDBC56A4}"
EndProject
Project("{FAE04EC0-301F-11D3-BF4B-00C04F79EFBC}") = "Basket.Api", "Services\Basket\Basket.Api\Basket.Api.csproj", "{94E87C63-9DF7-461A-9FDA-D51176C6767F}"
EndProject
Global
	GlobalSection(SolutionConfigurationPlatforms) = preSolution
		Debug|Any CPU = Debug|Any CPU
		Release|Any CPU = Release|Any CPU
	EndGlobalSection
	GlobalSection(ProjectConfigurationPlatforms) = postSolution
		{63FAF8A2-9DB8-4F0C-82F1-A40A19D0C96D}.Debug|Any CPU.ActiveCfg = Debug|Any CPU
		{63FAF8A2-9DB8-4F0C-82F1-A40A19D0C96D}.Debug|Any CPU.Build.0 = Debug|Any CPU
		{63FAF8A2-9DB8-4F0C-82F1-A40A19D0C96D}.Release|Any CPU.ActiveCfg = Release|Any CPU
		{63FAF8A2-9DB8-4F0C-82F1-A40A19D0C96D}.Release|Any CPU.Build.0 = Release|Any CPU
		{3C9399B3-5614-4166-8894-369B9EFDFDA6}.Debug|Any CPU.ActiveCfg = Debug|Any CPU
		{3C9399B3-5614-4166-8894-369B9EFDFDA6}.Debug|Any CPU.Build.0 = Debug|Any CPU
		{3C9399B3-5614-4166-8894-369B9EFDFDA6}.Release|Any CPU.ActiveCfg = Release|Any CPU
		{3C9399B3-5614-4166-8894-369B9EFDFDA6}.Release|Any CPU.Build.0 = Release|Any CPU
		{659B34DC-8D6F-4808-8154-5E8C37418BF6}.Debug|Any CPU.ActiveCfg = Debug|Any CPU
		{659B34DC-8D6F-4808-8154-5E8C37418BF6}.Debug|Any CPU.Build.0 = Debug|Any CPU
		{659B34DC-8D6F-4808-8154-5E8C37418BF6}.Release|Any CPU.ActiveCfg = Release|Any CPU
		{659B34DC-8D6F-4808-8154-5E8C37418BF6}.Release|Any CPU.Build.0 = Release|Any CPU
		{7BFA051C-44D7-42BF-A7B1-B92D64238AE6}.Debug|Any CPU.ActiveCfg = Debug|Any CPU
		{7BFA051C-44D7-42BF-A7B1-B92D64238AE6}.Debug|Any CPU.Build.0 = Debug|Any CPU
		{7BFA051C-44D7-42BF-A7B1-B92D64238AE6}.Release|Any CPU.ActiveCfg = Release|Any CPU
		{7BFA051C-44D7-42BF-A7B1-B92D64238AE6}.Release|Any CPU.Build.0 = Release|Any CPU
		{A22B4D6C-F03E-4004-98BD-5DE266B20F7D}.Debug|Any CPU.ActiveCfg = Debug|Any CPU
		{A22B4D6C-F03E-4004-98BD-5DE266B20F7D}.Debug|Any CPU.Build.0 = Debug|Any CPU
		{A22B4D6C-F03E-4004-98BD-5DE266B20F7D}.Release|Any CPU.ActiveCfg = Release|Any CPU
		{A22B4D6C-F03E-4004-98BD-5DE266B20F7D}.Release|Any CPU.Build.0 = Release|Any CPU
		{FE8A0175-27CB-4C5B-8D0D-CDBE4D44D552}.Debug|Any CPU.ActiveCfg = Debug|Any CPU
		{FE8A0175-27CB-4C5B-8D0D-CDBE4D44D552}.Debug|Any CPU.Build.0 = Debug|Any CPU
		{FE8A0175-27CB-4C5B-8D0D-CDBE4D44D552}.Release|Any CPU.ActiveCfg = Release|Any CPU
		{FE8A0175-27CB-4C5B-8D0D-CDBE4D44D552}.Release|Any CPU.Build.0 = Release|Any CPU
		{A99A8E49-F8C9-4FBA-8743-AADF0A22DA96}.Debug|Any CPU.ActiveCfg = Debug|Any CPU
		{A99A8E49-F8C9-4FBA-8743-AADF0A22DA96}.Debug|Any CPU.Build.0 = Debug|Any CPU
		{A99A8E49-F8C9-4FBA-8743-AADF0A22DA96}.Release|Any CPU.ActiveCfg = Release|Any CPU
		{A99A8E49-F8C9-4FBA-8743-AADF0A22DA96}.Release|Any CPU.Build.0 = Release|Any CPU
		{94E87C63-9DF7-461A-9FDA-D51176C6767F}.Debug|Any CPU.ActiveCfg = Debug|Any CPU
		{94E87C63-9DF7-461A-9FDA-D51176C6767F}.Debug|Any CPU.Build.0 = Debug|Any CPU
		{94E87C63-9DF7-461A-9FDA-D51176C6767F}.Release|Any CPU.ActiveCfg = Release|Any CPU
		{94E87C63-9DF7-461A-9FDA-D51176C6767F}.Release|Any CPU.Build.0 = Release|Any CPU
	EndGlobalSection
	GlobalSection(SolutionProperties) = preSolution
		HideSolutionNode = FALSE
	EndGlobalSection
	GlobalSection(NestedProjects) = preSolution
		{0B006ADC-BD46-457D-90BC-E1E0277F7EE0} = {2361A98C-8821-4149-847C-4088C30AB729}
		{FFF843C3-DA60-4CF2-9D44-DE766140E01F} = {2361A98C-8821-4149-847C-4088C30AB729}
		{3C9399B3-5614-4166-8894-369B9EFDFDA6} = {FFF843C3-DA60-4CF2-9D44-DE766140E01F}
		{659B34DC-8D6F-4808-8154-5E8C37418BF6} = {FFF843C3-DA60-4CF2-9D44-DE766140E01F}
		{7BFA051C-44D7-42BF-A7B1-B92D64238AE6} = {FFF843C3-DA60-4CF2-9D44-DE766140E01F}
		{A22B4D6C-F03E-4004-98BD-5DE266B20F7D} = {FFF843C3-DA60-4CF2-9D44-DE766140E01F}
		{FE8A0175-27CB-4C5B-8D0D-CDBE4D44D552} = {0B006ADC-BD46-457D-90BC-E1E0277F7EE0}
		{851920D3-E230-48B8-85DA-AB898901E667} = {2361A98C-8821-4149-847C-4088C30AB729}
		{A99A8E49-F8C9-4FBA-8743-AADF0A22DA96} = {851920D3-E230-48B8-85DA-AB898901E667}
		{7F38D215-D014-48CA-BAD3-FADAFDBC56A4} = {2361A98C-8821-4149-847C-4088C30AB729}
		{94E87C63-9DF7-461A-9FDA-D51176C6767F} = {7F38D215-D014-48CA-BAD3-FADAFDBC56A4}
	EndGlobalSection
	GlobalSection(ExtensibilityGlobals) = postSolution
		SolutionGuid = {5AB191FE-0016-4BE4-8BB0-68EA351452DA}
	EndGlobalSection
EndGlobal
